
Microsoft Visual Studio Solution File, Format Version 12.00
# Visual Studio Version 17
VisualStudioVersion = 17.0.32014.148
MinimumVisualStudioVersion = 10.0.40219.1
Project("{FAE04EC0-301F-11D3-BF4B-00C04F79EFBC}") = "RealCat.API", "RealCat.API\RealCat.API.csproj", "{FCE236EB-5B66-4C84-8476-109C6E2C1B29}"
EndProject
Project("{FAE04EC0-301F-11D3-BF4B-00C04F79EFBC}") = "RealCat.Core", "RealCat.Core\RealCat.Core.csproj", "{6F3C8773-2F43-4907-8668-31007C8CDD8A}"
EndProject
Project("{FAE04EC0-301F-11D3-BF4B-00C04F79EFBC}") = "RealCat.Infrastructure", "RealCat.Infrastructure\RealCat.Infrastructure.csproj", "{86027194-F221-4004-A08B-0BFBF0E48EC9}"
EndProject
Global
	GlobalSection(SolutionConfigurationPlatforms) = preSolution
		Debug|Any CPU = Debug|Any CPU
		Release|Any CPU = Release|Any CPU
	EndGlobalSection
	GlobalSection(ProjectConfigurationPlatforms) = postSolution
		{FCE236EB-5B66-4C84-8476-109C6E2C1B29}.Debug|Any CPU.ActiveCfg = Debug|Any CPU
		{FCE236EB-5B66-4C84-8476-109C6E2C1B29}.Debug|Any CPU.Build.0 = Debug|Any CPU
		{FCE236EB-5B66-4C84-8476-109C6E2C1B29}.Release|Any CPU.ActiveCfg = Release|Any CPU
		{FCE236EB-5B66-4C84-8476-109C6E2C1B29}.Release|Any CPU.Build.0 = Release|Any CPU
		{6F3C8773-2F43-4907-8668-31007C8CDD8A}.Debug|Any CPU.ActiveCfg = Debug|Any CPU
		{6F3C8773-2F43-4907-8668-31007C8CDD8A}.Debug|Any CPU.Build.0 = Debug|Any CPU
		{6F3C8773-2F43-4907-8668-31007C8CDD8A}.Release|Any CPU.ActiveCfg = Release|Any CPU
		{6F3C8773-2F43-4907-8668-31007C8CDD8A}.Release|Any CPU.Build.0 = Release|Any CPU
		{86027194-F221-4004-A08B-0BFBF0E48EC9}.Debug|Any CPU.ActiveCfg = Debug|Any CPU
		{86027194-F221-4004-A08B-0BFBF0E48EC9}.Debug|Any CPU.Build.0 = Debug|Any CPU
		{86027194-F221-4004-A08B-0BFBF0E48EC9}.Release|Any CPU.ActiveCfg = Release|Any CPU
		{86027194-F221-4004-A08B-0BFBF0E48EC9}.Release|Any CPU.Build.0 = Release|Any CPU
	EndGlobalSection
	GlobalSection(SolutionProperties) = preSolution
		HideSolutionNode = FALSE
	EndGlobalSection
	GlobalSection(ExtensibilityGlobals) = postSolution
		SolutionGuid = {56AFB1F2-3B44-49F2-A198-62F4DE158745}
	EndGlobalSection
EndGlobal
